
Microsoft Visual Studio Solution File, Format Version 12.00
# Visual Studio Version 16
VisualStudioVersion = 16.0.31729.503
MinimumVisualStudioVersion = 10.0.40219.1
Project("{FAE04EC0-301F-11D3-BF4B-00C04F79EFBC}") = "CursoDesignPatterns", "CursoDesignPatterns\CursoDesignPatterns.csproj", "{B603FBA8-75E6-46F7-B2C0-B320B2997788}"
EndProject
Global
	GlobalSection(SolutionConfigurationPlatforms) = preSolution
		Debug|Any CPU = Debug|Any CPU
		Release|Any CPU = Release|Any CPU
	EndGlobalSection
	GlobalSection(ProjectConfigurationPlatforms) = postSolution
		{B603FBA8-75E6-46F7-B2C0-B320B2997788}.Debug|Any CPU.ActiveCfg = Debug|Any CPU
		{B603FBA8-75E6-46F7-B2C0-B320B2997788}.Debug|Any CPU.Build.0 = Debug|Any CPU
		{B603FBA8-75E6-46F7-B2C0-B320B2997788}.Release|Any CPU.ActiveCfg = Release|Any CPU
		{B603FBA8-75E6-46F7-B2C0-B320B2997788}.Release|Any CPU.Build.0 = Release|Any CPU
	EndGlobalSection
	GlobalSection(SolutionProperties) = preSolution
		HideSolutionNode = FALSE
	EndGlobalSection
	GlobalSection(ExtensibilityGlobals) = postSolution
		SolutionGuid = {AE58D6C1-37EF-49C6-9FBC-2F7C9353E48D}
	EndGlobalSection
EndGlobal
